
Microsoft Visual Studio Solution File, Format Version 12.00
# Visual Studio 2013
VisualStudioVersion = 12.0.30723.0
MinimumVisualStudioVersion = 10.0.40219.1
Project("{FAE04EC0-301F-11D3-BF4B-00C04F79EFBC}") = "ChatBotService", "ChatBotService\ChatBotService.csproj", "{7D79B767-E8BA-4D82-A295-7E771F749B3F}"
EndProject
Project("{FAE04EC0-301F-11D3-BF4B-00C04F79EFBC}") = "ChatBotConsole", "ChatBotConsole\ChatBotConsole.csproj", "{5163E63A-6BAC-4956-B1F7-017932F9D2B8}"
EndProject
Project("{FAE04EC0-301F-11D3-BF4B-00C04F79EFBC}") = "ChatBotInterface", "ChatBotInterface\ChatBotInterface.csproj", "{851CC74E-3ACA-4551-9110-0C3D0170759E}"
EndProject
Global
	GlobalSection(SolutionConfigurationPlatforms) = preSolution
		Debug|Any CPU = Debug|Any CPU
		Release|Any CPU = Release|Any CPU
	EndGlobalSection
	GlobalSection(ProjectConfigurationPlatforms) = postSolution
		{7D79B767-E8BA-4D82-A295-7E771F749B3F}.Debug|Any CPU.ActiveCfg = Debug|Any CPU
		{7D79B767-E8BA-4D82-A295-7E771F749B3F}.Debug|Any CPU.Build.0 = Debug|Any CPU
		{7D79B767-E8BA-4D82-A295-7E771F749B3F}.Release|Any CPU.ActiveCfg = Release|Any CPU
		{7D79B767-E8BA-4D82-A295-7E771F749B3F}.Release|Any CPU.Build.0 = Release|Any CPU
		{5163E63A-6BAC-4956-B1F7-017932F9D2B8}.Debug|Any CPU.ActiveCfg = Debug|Any CPU
		{5163E63A-6BAC-4956-B1F7-017932F9D2B8}.Debug|Any CPU.Build.0 = Debug|Any CPU
		{5163E63A-6BAC-4956-B1F7-017932F9D2B8}.Release|Any CPU.ActiveCfg = Release|Any CPU
		{5163E63A-6BAC-4956-B1F7-017932F9D2B8}.Release|Any CPU.Build.0 = Release|Any CPU
		{851CC74E-3ACA-4551-9110-0C3D0170759E}.Debug|Any CPU.ActiveCfg = Debug|Any CPU
		{851CC74E-3ACA-4551-9110-0C3D0170759E}.Debug|Any CPU.Build.0 = Debug|Any CPU
		{851CC74E-3ACA-4551-9110-0C3D0170759E}.Release|Any CPU.ActiveCfg = Release|Any CPU
		{851CC74E-3ACA-4551-9110-0C3D0170759E}.Release|Any CPU.Build.0 = Release|Any CPU
	EndGlobalSection
	GlobalSection(SolutionProperties) = preSolution
		HideSolutionNode = FALSE
	EndGlobalSection
EndGlobal
